
Microsoft Visual Studio Solution File, Format Version 12.00
# Visual Studio Version 17
VisualStudioVersion = 17.1.32319.34
MinimumVisualStudioVersion = 10.0.40219.1
Project("{FAE04EC0-301F-11D3-BF4B-00C04F79EFBC}") = "Barrier", "Barrier\Barrier.csproj", "{3EA1543B-CA0C-4614-8D8D-2A84916F9ACC}"
EndProject
Project("{FAE04EC0-301F-11D3-BF4B-00C04F79EFBC}") = "MemoryBarrier", "MemoryBarrier\MemoryBarrier.csproj", "{1F89158B-7F83-46C2-BA59-6C2CFC7451FC}"
EndProject
Project("{FAE04EC0-301F-11D3-BF4B-00C04F79EFBC}") = "paralelfor", "paralelfor\paralelfor.csproj", "{0E0A9310-AEEA-4F93-B558-B821C17CA204}"
EndProject
Project("{FAE04EC0-301F-11D3-BF4B-00C04F79EFBC}") = "2-Lock", "2-Senkronizasyon\2-Lock.csproj", "{DB425A14-E074-403D-978F-300C7CC4D0F6}"
EndProject
Project("{FAE04EC0-301F-11D3-BF4B-00C04F79EFBC}") = "2.2.1-SemaphoreInterlockOrnek", "2.2.1-SemaphoreInterlockOrnek\2.2.1-SemaphoreInterlockOrnek.csproj", "{4C734AB1-886A-4FA6-AFDE-7D545740E6BF}"
EndProject
Project("{FAE04EC0-301F-11D3-BF4B-00C04F79EFBC}") = "2.1-Mutex", "2.1-Mutex\2.1-Mutex.csproj", "{1681E376-B693-4B6E-BB96-9B238F7A969D}"
EndProject
Project("{FAE04EC0-301F-11D3-BF4B-00C04F79EFBC}") = "3-Event_Wait_Handles", "3-Event_Wait_Handles\3-Event_Wait_Handles.csproj", "{24C1ABA1-A09F-4C83-A6D4-E391D443448D}"
EndProject
Project("{FAE04EC0-301F-11D3-BF4B-00C04F79EFBC}") = "3.1-CountDownEvent", "3.1-CountDownEvent\3.1-CountDownEvent.csproj", "{AC22182C-582E-4A12-AB49-75116E3BF173}"
EndProject
Project("{FAE04EC0-301F-11D3-BF4B-00C04F79EFBC}") = "3.1.1-Onekler", "3.1.1-Onekler\3.1.1-Onekler.csproj", "{94CDADFF-67E3-4BD2-A56C-7B3F70E10704}"
EndProject
Project("{FAE04EC0-301F-11D3-BF4B-00C04F79EFBC}") = "1-Thread", "1-Thread\1-Thread.csproj", "{F1B34C8F-297A-4097-BFA7-B3EAAF6836EB}"
EndProject
Project("{FAE04EC0-301F-11D3-BF4B-00C04F79EFBC}") = "2.2-Semaphore", "2.2-Semaphore\2.2-Semaphore.csproj", "{E395C86A-B7A3-409B-B357-AF329677A09A}"
EndProject
Global
	GlobalSection(SolutionConfigurationPlatforms) = preSolution
		Debug|Any CPU = Debug|Any CPU
		Release|Any CPU = Release|Any CPU
	EndGlobalSection
	GlobalSection(ProjectConfigurationPlatforms) = postSolution
		{3EA1543B-CA0C-4614-8D8D-2A84916F9ACC}.Debug|Any CPU.ActiveCfg = Debug|Any CPU
		{3EA1543B-CA0C-4614-8D8D-2A84916F9ACC}.Debug|Any CPU.Build.0 = Debug|Any CPU
		{3EA1543B-CA0C-4614-8D8D-2A84916F9ACC}.Release|Any CPU.ActiveCfg = Release|Any CPU
		{3EA1543B-CA0C-4614-8D8D-2A84916F9ACC}.Release|Any CPU.Build.0 = Release|Any CPU
		{1F89158B-7F83-46C2-BA59-6C2CFC7451FC}.Debug|Any CPU.ActiveCfg = Debug|Any CPU
		{1F89158B-7F83-46C2-BA59-6C2CFC7451FC}.Debug|Any CPU.Build.0 = Debug|Any CPU
		{1F89158B-7F83-46C2-BA59-6C2CFC7451FC}.Release|Any CPU.ActiveCfg = Release|Any CPU
		{1F89158B-7F83-46C2-BA59-6C2CFC7451FC}.Release|Any CPU.Build.0 = Release|Any CPU
		{0E0A9310-AEEA-4F93-B558-B821C17CA204}.Debug|Any CPU.ActiveCfg = Debug|Any CPU
		{0E0A9310-AEEA-4F93-B558-B821C17CA204}.Debug|Any CPU.Build.0 = Debug|Any CPU
		{0E0A9310-AEEA-4F93-B558-B821C17CA204}.Release|Any CPU.ActiveCfg = Release|Any CPU
		{0E0A9310-AEEA-4F93-B558-B821C17CA204}.Release|Any CPU.Build.0 = Release|Any CPU
		{DB425A14-E074-403D-978F-300C7CC4D0F6}.Debug|Any CPU.ActiveCfg = Debug|Any CPU
		{DB425A14-E074-403D-978F-300C7CC4D0F6}.Debug|Any CPU.Build.0 = Debug|Any CPU
		{DB425A14-E074-403D-978F-300C7CC4D0F6}.Release|Any CPU.ActiveCfg = Release|Any CPU
		{DB425A14-E074-403D-978F-300C7CC4D0F6}.Release|Any CPU.Build.0 = Release|Any CPU
		{4C734AB1-886A-4FA6-AFDE-7D545740E6BF}.Debug|Any CPU.ActiveCfg = Debug|Any CPU
		{4C734AB1-886A-4FA6-AFDE-7D545740E6BF}.Debug|Any CPU.Build.0 = Debug|Any CPU
		{4C734AB1-886A-4FA6-AFDE-7D545740E6BF}.Release|Any CPU.ActiveCfg = Release|Any CPU
		{4C734AB1-886A-4FA6-AFDE-7D545740E6BF}.Release|Any CPU.Build.0 = Release|Any CPU
		{1681E376-B693-4B6E-BB96-9B238F7A969D}.Debug|Any CPU.ActiveCfg = Debug|Any CPU
		{1681E376-B693-4B6E-BB96-9B238F7A969D}.Debug|Any CPU.Build.0 = Debug|Any CPU
		{1681E376-B693-4B6E-BB96-9B238F7A969D}.Release|Any CPU.ActiveCfg = Release|Any CPU
		{1681E376-B693-4B6E-BB96-9B238F7A969D}.Release|Any CPU.Build.0 = Release|Any CPU
		{24C1ABA1-A09F-4C83-A6D4-E391D443448D}.Debug|Any CPU.ActiveCfg = Debug|Any CPU
		{24C1ABA1-A09F-4C83-A6D4-E391D443448D}.Debug|Any CPU.Build.0 = Debug|Any CPU
		{24C1ABA1-A09F-4C83-A6D4-E391D443448D}.Release|Any CPU.ActiveCfg = Release|Any CPU
		{24C1ABA1-A09F-4C83-A6D4-E391D443448D}.Release|Any CPU.Build.0 = Release|Any CPU
		{AC22182C-582E-4A12-AB49-75116E3BF173}.Debug|Any CPU.ActiveCfg = Debug|Any CPU
		{AC22182C-582E-4A12-AB49-75116E3BF173}.Debug|Any CPU.Build.0 = Debug|Any CPU
		{AC22182C-582E-4A12-AB49-75116E3BF173}.Release|Any CPU.ActiveCfg = Release|Any CPU
		{AC22182C-582E-4A12-AB49-75116E3BF173}.Release|Any CPU.Build.0 = Release|Any CPU
		{94CDADFF-67E3-4BD2-A56C-7B3F70E10704}.Debug|Any CPU.ActiveCfg = Debug|Any CPU
		{94CDADFF-67E3-4BD2-A56C-7B3F70E10704}.Debug|Any CPU.Build.0 = Debug|Any CPU
		{94CDADFF-67E3-4BD2-A56C-7B3F70E10704}.Release|Any CPU.ActiveCfg = Release|Any CPU
		{94CDADFF-67E3-4BD2-A56C-7B3F70E10704}.Release|Any CPU.Build.0 = Release|Any CPU
		{F1B34C8F-297A-4097-BFA7-B3EAAF6836EB}.Debug|Any CPU.ActiveCfg = Debug|Any CPU
		{F1B34C8F-297A-4097-BFA7-B3EAAF6836EB}.Debug|Any CPU.Build.0 = Debug|Any CPU
		{F1B34C8F-297A-4097-BFA7-B3EAAF6836EB}.Release|Any CPU.ActiveCfg = Release|Any CPU
		{F1B34C8F-297A-4097-BFA7-B3EAAF6836EB}.Release|Any CPU.Build.0 = Release|Any CPU
		{E395C86A-B7A3-409B-B357-AF329677A09A}.Debug|Any CPU.ActiveCfg = Debug|Any CPU
		{E395C86A-B7A3-409B-B357-AF329677A09A}.Debug|Any CPU.Build.0 = Debug|Any CPU
		{E395C86A-B7A3-409B-B357-AF329677A09A}.Release|Any CPU.ActiveCfg = Release|Any CPU
		{E395C86A-B7A3-409B-B357-AF329677A09A}.Release|Any CPU.Build.0 = Release|Any CPU
	EndGlobalSection
	GlobalSection(SolutionProperties) = preSolution
		HideSolutionNode = FALSE
	EndGlobalSection
	GlobalSection(ExtensibilityGlobals) = postSolution
		SolutionGuid = {04D730B5-AB9B-4676-807E-6E5A3EB70D20}
	EndGlobalSection
EndGlobal
